
Microsoft Visual Studio Solution File, Format Version 12.00
# Visual Studio 14
VisualStudioVersion = 14.0.23107.0
MinimumVisualStudioVersion = 10.0.40219.1
Project("{FAE04EC0-301F-11D3-BF4B-00C04F79EFBC}") = "MovieShopRest", "MovieShopRest\MovieShopRest.csproj", "{5FA95614-4AED-4E06-8BBF-FDA8F424FCFC}"
EndProject
Project("{FAE04EC0-301F-11D3-BF4B-00C04F79EFBC}") = "MoviesShopDAL", "MoviesShopProxy\MoviesShopDAL.csproj", "{0CC49F03-F6E4-4325-B7C5-F8902D23816F}"
EndProject
Project("{FAE04EC0-301F-11D3-BF4B-00C04F79EFBC}") = "MovieShopDTO", "MovieShopDTO\MovieShopDTO.csproj", "{2377F12B-5C36-4610-BAED-EA3BFB8A4384}"
EndProject
Global
	GlobalSection(SolutionConfigurationPlatforms) = preSolution
		Debug|Any CPU = Debug|Any CPU
		Release|Any CPU = Release|Any CPU
	EndGlobalSection
	GlobalSection(ProjectConfigurationPlatforms) = postSolution
		{5FA95614-4AED-4E06-8BBF-FDA8F424FCFC}.Debug|Any CPU.ActiveCfg = Debug|Any CPU
		{5FA95614-4AED-4E06-8BBF-FDA8F424FCFC}.Debug|Any CPU.Build.0 = Debug|Any CPU
		{5FA95614-4AED-4E06-8BBF-FDA8F424FCFC}.Release|Any CPU.ActiveCfg = Release|Any CPU
		{5FA95614-4AED-4E06-8BBF-FDA8F424FCFC}.Release|Any CPU.Build.0 = Release|Any CPU
		{0CC49F03-F6E4-4325-B7C5-F8902D23816F}.Debug|Any CPU.ActiveCfg = Debug|Any CPU
		{0CC49F03-F6E4-4325-B7C5-F8902D23816F}.Debug|Any CPU.Build.0 = Debug|Any CPU
		{0CC49F03-F6E4-4325-B7C5-F8902D23816F}.Release|Any CPU.ActiveCfg = Release|Any CPU
		{0CC49F03-F6E4-4325-B7C5-F8902D23816F}.Release|Any CPU.Build.0 = Release|Any CPU
		{2377F12B-5C36-4610-BAED-EA3BFB8A4384}.Debug|Any CPU.ActiveCfg = Debug|Any CPU
		{2377F12B-5C36-4610-BAED-EA3BFB8A4384}.Debug|Any CPU.Build.0 = Debug|Any CPU
		{2377F12B-5C36-4610-BAED-EA3BFB8A4384}.Release|Any CPU.ActiveCfg = Release|Any CPU
		{2377F12B-5C36-4610-BAED-EA3BFB8A4384}.Release|Any CPU.Build.0 = Release|Any CPU
	EndGlobalSection
	GlobalSection(SolutionProperties) = preSolution
		HideSolutionNode = FALSE
	EndGlobalSection
EndGlobal
